{
  "name": "plyr_hls",
  "version": "1.0.0",
  "lockfileVersion": 2,
  "requires": true,
  "packages": {
    "": {
      "name": "plyr_hls",
      "version": "1.0.0",
      "license": "ISC",
      "dependencies": {
        "hls.js": "^1.3.3"
      }
    },
    "node_modules/hls.js": {
      "version": "1.3.3",
      "resolved": "https://registry.npmjs.org/hls.js/-/hls.js-1.3.3.tgz",
      "integrity": "sha512-4Efu6g90HfFGDuQrkquhDoRpA/4iVpSMcfK9zguJ2qXEUfo5VknZt6rziwwFPHmC2DU3crZ0NtPD0eUqOhFyqg=="
    }
  },
  "dependencies": {
    "hls.js": {
      "version": "1.3.3",
      "resolved": "https://registry.npmjs.org/hls.js/-/hls.js-1.3.3.tgz",
      "integrity": "sha512-4Efu6g90HfFGDuQrkquhDoRpA/4iVpSMcfK9zguJ2qXEUfo5VknZt6rziwwFPHmC2DU3crZ0NtPD0eUqOhFyqg=="
    }
  }
}
